
Microsoft Visual Studio Solution File, Format Version 12.00
# Visual Studio Version 16
VisualStudioVersion = 16.0.32428.217
MinimumVisualStudioVersion = 10.0.40219.1
Project("{FAE04EC0-301F-11D3-BF4B-00C04F79EFBC}") = "ZoomCars", "ZoomCars\ZoomCars.csproj", "{8DB6F89C-3BE4-431D-8856-A3038FFCD463}"
EndProject
Global
	GlobalSection(SolutionConfigurationPlatforms) = preSolution
		Debug|Any CPU = Debug|Any CPU
		Release|Any CPU = Release|Any CPU
	EndGlobalSection
	GlobalSection(ProjectConfigurationPlatforms) = postSolution
		{8DB6F89C-3BE4-431D-8856-A3038FFCD463}.Debug|Any CPU.ActiveCfg = Debug|Any CPU
		{8DB6F89C-3BE4-431D-8856-A3038FFCD463}.Debug|Any CPU.Build.0 = Debug|Any CPU
		{8DB6F89C-3BE4-431D-8856-A3038FFCD463}.Release|Any CPU.ActiveCfg = Release|Any CPU
		{8DB6F89C-3BE4-431D-8856-A3038FFCD463}.Release|Any CPU.Build.0 = Release|Any CPU
	EndGlobalSection
	GlobalSection(SolutionProperties) = preSolution
		HideSolutionNode = FALSE
	EndGlobalSection
	GlobalSection(ExtensibilityGlobals) = postSolution
		SolutionGuid = {7D49F401-018E-43DD-9C34-88BBB013CAF0}
	EndGlobalSection
EndGlobal
